// !$*UTF8*$!
{
	archiveVersion = 1;
	classes = {
	};
	objectVersion = 77;
	objects = {

/* Begin PBXBuildFile section */
		18106901A02D5AA55C0FBE24 /* PlayerViews.swift in Sources */ = {isa = PBXBuildFile; fileRef = 1637093C2C62AEF86710E1DB /* PlayerViews.swift */; };
		2C8B2112397A786408BEF414 /* Theme.swift in Sources */ = {isa = PBXBuildFile; fileRef = 7238B55CC9800ACE8192E1CA /* Theme.swift */; };
		43B960B5B8B0199C33950E08 /* RootView.swift in Sources */ = {isa = PBXBuildFile; fileRef = 1B04504336952C463F0CAF5C /* RootView.swift */; };
		509FF6A267C2ACA03D783A65 /* LibraryView.swift in Sources */ = {isa = PBXBuildFile; fileRef = B3E5704D0A21E3F4F2DF0E98 /* LibraryView.swift */; };
		602D70A10EAC705410B16694 /* AircheckApp.swift in Sources */ = {isa = PBXBuildFile; fileRef = 51860F0900F5851881921BB9 /* AircheckApp.swift */; };
		780BD20AAC9FAC9DA284132A /* ArchiveDatabase.swift in Sources */ = {isa = PBXBuildFile; fileRef = D86D32D0837FF1656A51252D /* ArchiveDatabase.swift */; };
		94162DE2FAE2EA9FDA788A81 /* AudioPlayer.swift in Sources */ = {isa = PBXBuildFile; fileRef = E0D320A3557A2D97F13CE5DA /* AudioPlayer.swift */; };
		AA296F61869D12EB3CECB6B6 /* ProgressStore.swift in Sources */ = {isa = PBXBuildFile; fileRef = D4352A6415B7901C3A059A26 /* ProgressStore.swift */; };
		B8A278E39C404E3962C2503C /* AircheckCore in Frameworks */ = {isa = PBXBuildFile; productRef = BDD95EA072FB7B438C7AA40C /* AircheckCore */; };
		C648F52935BBB1A7197B0910 /* archive.sqlite in Resources */ = {isa = PBXBuildFile; fileRef = 768D26EBB511CC1741F7C5C2 /* archive.sqlite */; };
		C89094BDF77199FC46589D08 /* ListeningHistoryView.swift in Sources */ = {isa = PBXBuildFile; fileRef = B50BD5631F52BC79CD94121F /* ListeningHistoryView.swift */; };
		CD7BCF56FF78654B18654A2E /* libsqlite3.tbd in Frameworks */ = {isa = PBXBuildFile; fileRef = BEA8755329B63689618BE5BB /* libsqlite3.tbd */; };
		CDA95C19A81C2CF60FC8A505 /* ShowDetailView.swift in Sources */ = {isa = PBXBuildFile; fileRef = 0540D7E0BC0F12A6FDACEDC3 /* ShowDetailView.swift */; };
		D77F37EB125166DBD51D670E /* archive_progress.json in Resources */ = {isa = PBXBuildFile; fileRef = 7ADB8E8463D92C26C15BD81B /* archive_progress.json */; };
		E11A1B2C3D4E5F60718293A4 /* Howard1.png in Resources */ = {isa = PBXBuildFile; fileRef = E11A1B2C3D4E5F60718293A5 /* Howard1.png */; };
		E11A1B2C3D4E5F60718293A6 /* Howard2.png in Resources */ = {isa = PBXBuildFile; fileRef = E11A1B2C3D4E5F60718293A7 /* Howard2.png */; };
		E11A1B2C3D4E5F60718293A8 /* Assets.xcassets in Resources */ = {isa = PBXBuildFile; fileRef = E11A1B2C3D4E5F60718293A9 /* Assets.xcassets */; };
		DB40347CFF345A6BBDDED5FE /* CatalogStore.swift in Sources */ = {isa = PBXBuildFile; fileRef = 507700811941ECEADF740D39 /* CatalogStore.swift */; };
		EDB6D37697C88EC43A09E35D /* SearchView.swift in Sources */ = {isa = PBXBuildFile; fileRef = 6A64C483BA5519FF5B1AAF05 /* SearchView.swift */; };
		FBE2C400174695E930366CDD /* Formatters.swift in Sources */ = {isa = PBXBuildFile; fileRef = 442E37A2F81152986A75E38F /* Formatters.swift */; };
/* End PBXBuildFile section */

/* Begin PBXFileReference section */
		0540D7E0BC0F12A6FDACEDC3 /* ShowDetailView.swift */ = {isa = PBXFileReference; lastKnownFileType = sourcecode.swift; path = ShowDetailView.swift; sourceTree = "<group>"; };
		1637093C2C62AEF86710E1DB /* PlayerViews.swift */ = {isa = PBXFileReference; lastKnownFileType = sourcecode.swift; path = PlayerViews.swift; sourceTree = "<group>"; };
		1B04504336952C463F0CAF5C /* RootView.swift */ = {isa = PBXFileReference; lastKnownFileType = sourcecode.swift; path = RootView.swift; sourceTree = "<group>"; };
		1EE1770745348ECB35F89F99 /* aircheck-06 */ = {isa = PBXFileReference; lastKnownFileType = folder; name = "aircheck-06"; path = .; sourceTree = SOURCE_ROOT; };
		254CEB1CF7063B59B8169CAD /* Aircheck06.app */ = {isa = PBXFileReference; explicitFileType = wrapper.application; includeInIndex = 0; path = Aircheck06.app; sourceTree = BUILT_PRODUCTS_DIR; };
		442E37A2F81152986A75E38F /* Formatters.swift */ = {isa = PBXFileReference; lastKnownFileType = sourcecode.swift; path = Formatters.swift; sourceTree = "<group>"; };
		507700811941ECEADF740D39 /* CatalogStore.swift */ = {isa = PBXFileReference; lastKnownFileType = sourcecode.swift; path = CatalogStore.swift; sourceTree = "<group>"; };
		51860F0900F5851881921BB9 /* AircheckApp.swift */ = {isa = PBXFileReference; lastKnownFileType = sourcecode.swift; path = AircheckApp.swift; sourceTree = "<group>"; };
		6A64C483BA5519FF5B1AAF05 /* SearchView.swift */ = {isa = PBXFileReference; lastKnownFileType = sourcecode.swift; path = SearchView.swift; sourceTree = "<group>"; };
		7238B55CC9800ACE8192E1CA /* Theme.swift */ = {isa = PBXFileReference; lastKnownFileType = sourcecode.swift; path = Theme.swift; sourceTree = "<group>"; };
		768D26EBB511CC1741F7C5C2 /* archive.sqlite */ = {isa = PBXFileReference; lastKnownFileType = file; path = archive.sqlite; sourceTree = "<group>"; };
		7ADB8E8463D92C26C15BD81B /* archive_progress.json */ = {isa = PBXFileReference; lastKnownFileType = text.json; path = archive_progress.json; sourceTree = "<group>"; };
		B3E5704D0A21E3F4F2DF0E98 /* LibraryView.swift */ = {isa = PBXFileReference; lastKnownFileType = sourcecode.swift; path = LibraryView.swift; sourceTree = "<group>"; };
		B50BD5631F52BC79CD94121F /* ListeningHistoryView.swift */ = {isa = PBXFileReference; lastKnownFileType = sourcecode.swift; path = ListeningHistoryView.swift; sourceTree = "<group>"; };
		BEA8755329B63689618BE5BB /* libsqlite3.tbd */ = {isa = PBXFileReference; lastKnownFileType = "sourcecode.text-based-dylib-definition"; name = libsqlite3.tbd; path = usr/lib/libsqlite3.tbd; sourceTree = SDKROOT; };
		D4352A6415B7901C3A059A26 /* ProgressStore.swift */ = {isa = PBXFileReference; lastKnownFileType = sourcecode.swift; path = ProgressStore.swift; sourceTree = "<group>"; };
		E11A1B2C3D4E5F60718293A5 /* Howard1.png */ = {isa = PBXFileReference; lastKnownFileType = image.png; path = Howard1.png; sourceTree = "<group>"; };
		E11A1B2C3D4E5F60718293A7 /* Howard2.png */ = {isa = PBXFileReference; lastKnownFileType = image.png; path = Howard2.png; sourceTree = "<group>"; };
		E11A1B2C3D4E5F60718293A9 /* Assets.xcassets */ = {isa = PBXFileReference; lastKnownFileType = folder.assetcatalog; path = Assets.xcassets; sourceTree = "<group>"; };
		D86D32D0837FF1656A51252D /* ArchiveDatabase.swift */ = {isa = PBXFileReference; lastKnownFileType = sourcecode.swift; path = ArchiveDatabase.swift; sourceTree = "<group>"; };
		E0D320A3557A2D97F13CE5DA /* AudioPlayer.swift */ = {isa = PBXFileReference; lastKnownFileType = sourcecode.swift; path = AudioPlayer.swift; sourceTree = "<group>"; };
/* End PBXFileReference section */

/* Begin PBXFrameworksBuildPhase section */
		8FFEBB125A6B8D4FF2420F7C /* Frameworks */ = {
			isa = PBXFrameworksBuildPhase;
			buildActionMask = 2147483647;
			files = (
				B8A278E39C404E3962C2503C /* AircheckCore in Frameworks */,
				CD7BCF56FF78654B18654A2E /* libsqlite3.tbd in Frameworks */,
			);
			runOnlyForDeploymentPostprocessing = 0;
		};
/* End PBXFrameworksBuildPhase section */

/* Begin PBXGroup section */
		3C59105092C0807C9B1578D6 = {
			isa = PBXGroup;
			children = (
				995F82A5010FD16FE6A8F38D /* App */,
				F7FBCC5771906B0816F624CE /* Packages */,
				A21962427FCC1FDC0C89C9C5 /* Frameworks */,
				C326D14D6B0A9730BF9C4BFF /* Products */,
			);
			sourceTree = "<group>";
		};
		7824CB00305109894457C1A7 /* Resources */ = {
			isa = PBXGroup;
			children = (
				E11A1B2C3D4E5F60718293A9 /* Assets.xcassets */,
				E11A1B2C3D4E5F60718293A5 /* Howard1.png */,
				E11A1B2C3D4E5F60718293A7 /* Howard2.png */,
				7ADB8E8463D92C26C15BD81B /* archive_progress.json */,
				768D26EBB511CC1741F7C5C2 /* archive.sqlite */,
			);
			path = Resources;
			sourceTree = "<group>";
		};
		995F82A5010FD16FE6A8F38D /* App */ = {
			isa = PBXGroup;
			children = (
				51860F0900F5851881921BB9 /* AircheckApp.swift */,
				D86D32D0837FF1656A51252D /* ArchiveDatabase.swift */,
				E0D320A3557A2D97F13CE5DA /* AudioPlayer.swift */,
				507700811941ECEADF740D39 /* CatalogStore.swift */,
				442E37A2F81152986A75E38F /* Formatters.swift */,
				B3E5704D0A21E3F4F2DF0E98 /* LibraryView.swift */,
				B50BD5631F52BC79CD94121F /* ListeningHistoryView.swift */,
				1637093C2C62AEF86710E1DB /* PlayerViews.swift */,
				D4352A6415B7901C3A059A26 /* ProgressStore.swift */,
				1B04504336952C463F0CAF5C /* RootView.swift */,
				6A64C483BA5519FF5B1AAF05 /* SearchView.swift */,
				0540D7E0BC0F12A6FDACEDC3 /* ShowDetailView.swift */,
				7238B55CC9800ACE8192E1CA /* Theme.swift */,
				7824CB00305109894457C1A7 /* Resources */,
			);
			path = App;
			sourceTree = "<group>";
		};
		A21962427FCC1FDC0C89C9C5 /* Frameworks */ = {
			isa = PBXGroup;
			children = (
				BEA8755329B63689618BE5BB /* libsqlite3.tbd */,
			);
			name = Frameworks;
			sourceTree = "<group>";
		};
		C326D14D6B0A9730BF9C4BFF /* Products */ = {
			isa = PBXGroup;
			children = (
				254CEB1CF7063B59B8169CAD /* Aircheck06.app */,
			);
			name = Products;
			sourceTree = "<group>";
		};
		F7FBCC5771906B0816F624CE /* Packages */ = {
			isa = PBXGroup;
			children = (
				1EE1770745348ECB35F89F99 /* aircheck-06 */,
			);
			name = Packages;
			sourceTree = "<group>";
		};
/* End PBXGroup section */

/* Begin PBXNativeTarget section */
		3C4599B61882F21F4B2C28F9 /* Aircheck06 */ = {
			isa = PBXNativeTarget;
			buildConfigurationList = E3F77759F13D878E34F57611 /* Build configuration list for PBXNativeTarget "Aircheck06" */;
			buildPhases = (
				A3B7A5535FAA8DB550F27621 /* Sources */,
				CBA9CAD5E83E5CC6061C94C2 /* Resources */,
				8FFEBB125A6B8D4FF2420F7C /* Frameworks */,
			);
			buildRules = (
			);
			dependencies = (
			);
			name = Aircheck06;
			packageProductDependencies = (
				BDD95EA072FB7B438C7AA40C /* AircheckCore */,
			);
			productName = Aircheck06;
			productReference = 254CEB1CF7063B59B8169CAD /* Aircheck06.app */;
			productType = "com.apple.product-type.application";
		};
/* End PBXNativeTarget section */

/* Begin PBXProject section */
		C3370F225E0A434AC82DBCD2 /* Project object */ = {
			isa = PBXProject;
			attributes = {
				BuildIndependentTargetsInParallel = YES;
				LastUpgradeCheck = 2630;
			};
			buildConfigurationList = 42663A9E31171DE441BC4FF5 /* Build configuration list for PBXProject "Aircheck06" */;
			developmentRegion = en;
			hasScannedForEncodings = 0;
			knownRegions = (
				Base,
				en,
			);
			mainGroup = 3C59105092C0807C9B1578D6;
			minimizedProjectReferenceProxies = 1;
			packageReferences = (
				E2D7945E71CFC94B6BAE92ED /* XCLocalSwiftPackageReference "." */,
			);
			preferredProjectObjectVersion = 77;
			productRefGroup = C326D14D6B0A9730BF9C4BFF /* Products */;
			projectDirPath = "";
			projectRoot = "";
			targets = (
				3C4599B61882F21F4B2C28F9 /* Aircheck06 */,
			);
		};
/* End PBXProject section */

/* Begin PBXResourcesBuildPhase section */
		CBA9CAD5E83E5CC6061C94C2 /* Resources */ = {
			isa = PBXResourcesBuildPhase;
			buildActionMask = 2147483647;
			files = (
				C648F52935BBB1A7197B0910 /* archive.sqlite in Resources */,
				D77F37EB125166DBD51D670E /* archive_progress.json in Resources */,
				E11A1B2C3D4E5F60718293A4 /* Howard1.png in Resources */,
				E11A1B2C3D4E5F60718293A6 /* Howard2.png in Resources */,
				E11A1B2C3D4E5F60718293A8 /* Assets.xcassets in Resources */,
			);
			runOnlyForDeploymentPostprocessing = 0;
		};
/* End PBXResourcesBuildPhase section */

/* Begin PBXSourcesBuildPhase section */
		A3B7A5535FAA8DB550F27621 /* Sources */ = {
			isa = PBXSourcesBuildPhase;
			buildActionMask = 2147483647;
			files = (
				602D70A10EAC705410B16694 /* AircheckApp.swift in Sources */,
				780BD20AAC9FAC9DA284132A /* ArchiveDatabase.swift in Sources */,
				94162DE2FAE2EA9FDA788A81 /* AudioPlayer.swift in Sources */,
				DB40347CFF345A6BBDDED5FE /* CatalogStore.swift in Sources */,
				FBE2C400174695E930366CDD /* Formatters.swift in Sources */,
				509FF6A267C2ACA03D783A65 /* LibraryView.swift in Sources */,
				C89094BDF77199FC46589D08 /* ListeningHistoryView.swift in Sources */,
				18106901A02D5AA55C0FBE24 /* PlayerViews.swift in Sources */,
				AA296F61869D12EB3CECB6B6 /* ProgressStore.swift in Sources */,
				43B960B5B8B0199C33950E08 /* RootView.swift in Sources */,
				EDB6D37697C88EC43A09E35D /* SearchView.swift in Sources */,
				CDA95C19A81C2CF60FC8A505 /* ShowDetailView.swift in Sources */,
				2C8B2112397A786408BEF414 /* Theme.swift in Sources */,
			);
			runOnlyForDeploymentPostprocessing = 0;
		};
/* End PBXSourcesBuildPhase section */

/* Begin XCBuildConfiguration section */
		7C2D8ACAC491406C0AE03E01 /* Debug */ = {
			isa = XCBuildConfiguration;
			buildSettings = {
				ALWAYS_SEARCH_USER_PATHS = NO;
				CLANG_ANALYZER_NONNULL = YES;
				CLANG_ANALYZER_NUMBER_OBJECT_CONVERSION = YES_AGGRESSIVE;
				CLANG_CXX_LANGUAGE_STANDARD = "gnu++14";
				CLANG_CXX_LIBRARY = "libc++";
				CLANG_ENABLE_MODULES = YES;
				CLANG_ENABLE_OBJC_ARC = YES;
				CLANG_ENABLE_OBJC_WEAK = YES;
				CLANG_WARN_BLOCK_CAPTURE_AUTORELEASING = YES;
				CLANG_WARN_BOOL_CONVERSION = YES;
				CLANG_WARN_COMMA = YES;
				CLANG_WARN_CONSTANT_CONVERSION = YES;
				CLANG_WARN_DEPRECATED_OBJC_IMPLEMENTATIONS = YES;
				CLANG_WARN_DIRECT_OBJC_ISA_USAGE = YES_ERROR;
				CLANG_WARN_DOCUMENTATION_COMMENTS = YES;
				CLANG_WARN_EMPTY_BODY = YES;
				CLANG_WARN_ENUM_CONVERSION = YES;
				CLANG_WARN_INFINITE_RECURSION = YES;
				CLANG_WARN_INT_CONVERSION = YES;
				CLANG_WARN_NON_LITERAL_NULL_CONVERSION = YES;
				CLANG_WARN_OBJC_IMPLICIT_RETAIN_SELF = YES;
				CLANG_WARN_OBJC_LITERAL_CONVERSION = YES;
				CLANG_WARN_OBJC_ROOT_CLASS = YES_ERROR;
				CLANG_WARN_QUOTED_INCLUDE_IN_FRAMEWORK_HEADER = YES;
				CLANG_WARN_RANGE_LOOP_ANALYSIS = YES;
				CLANG_WARN_STRICT_PROTOTYPES = YES;
				CLANG_WARN_SUSPICIOUS_MOVE = YES;
				CLANG_WARN_UNGUARDED_AVAILABILITY = YES_AGGRESSIVE;
				CLANG_WARN_UNREACHABLE_CODE = YES;
				CLANG_WARN__DUPLICATE_METHOD_MATCH = YES;
				COPY_PHASE_STRIP = NO;
				DEBUG_INFORMATION_FORMAT = dwarf;
				DEVELOPMENT_TEAM = 4533R9524J;
				ENABLE_STRICT_OBJC_MSGSEND = YES;
				ENABLE_TESTABILITY = YES;
				ENABLE_USER_SCRIPT_SANDBOXING = YES;
				GCC_C_LANGUAGE_STANDARD = gnu11;
				GCC_DYNAMIC_NO_PIC = NO;
				GCC_NO_COMMON_BLOCKS = YES;
				GCC_OPTIMIZATION_LEVEL = 0;
				GCC_PREPROCESSOR_DEFINITIONS = (
					"$(inherited)",
					"DEBUG=1",
				);
				GCC_WARN_64_TO_32_BIT_CONVERSION = YES;
				GCC_WARN_ABOUT_RETURN_TYPE = YES_ERROR;
				GCC_WARN_UNDECLARED_SELECTOR = YES;
				GCC_WARN_UNINITIALIZED_AUTOS = YES_AGGRESSIVE;
				GCC_WARN_UNUSED_FUNCTION = YES;
				GCC_WARN_UNUSED_VARIABLE = YES;
				IPHONEOS_DEPLOYMENT_TARGET = 18.0;
				MTL_ENABLE_DEBUG_INFO = INCLUDE_SOURCE;
				MTL_FAST_MATH = YES;
				ONLY_ACTIVE_ARCH = YES;
				PRODUCT_NAME = "$(TARGET_NAME)";
				SDKROOT = iphoneos;
				STRING_CATALOG_GENERATE_SYMBOLS = YES;
				SWIFT_ACTIVE_COMPILATION_CONDITIONS = DEBUG;
				SWIFT_OPTIMIZATION_LEVEL = "-Onone";
				SWIFT_VERSION = 5.0;
			};
			name = Debug;
		};
		8089F3A2088A6BC3758B2F47 /* Release */ = {
			isa = XCBuildConfiguration;
			buildSettings = {
				ALWAYS_SEARCH_USER_PATHS = NO;
				CLANG_ANALYZER_NONNULL = YES;
				CLANG_ANALYZER_NUMBER_OBJECT_CONVERSION = YES_AGGRESSIVE;
				CLANG_CXX_LANGUAGE_STANDARD = "gnu++14";
				CLANG_CXX_LIBRARY = "libc++";
				CLANG_ENABLE_MODULES = YES;
				CLANG_ENABLE_OBJC_ARC = YES;
				CLANG_ENABLE_OBJC_WEAK = YES;
				CLANG_WARN_BLOCK_CAPTURE_AUTORELEASING = YES;
				CLANG_WARN_BOOL_CONVERSION = YES;
				CLANG_WARN_COMMA = YES;
				CLANG_WARN_CONSTANT_CONVERSION = YES;
				CLANG_WARN_DEPRECATED_OBJC_IMPLEMENTATIONS = YES;
				CLANG_WARN_DIRECT_OBJC_ISA_USAGE = YES_ERROR;
				CLANG_WARN_DOCUMENTATION_COMMENTS = YES;
				CLANG_WARN_EMPTY_BODY = YES;
				CLANG_WARN_ENUM_CONVERSION = YES;
				CLANG_WARN_INFINITE_RECURSION = YES;
				CLANG_WARN_INT_CONVERSION = YES;
				CLANG_WARN_NON_LITERAL_NULL_CONVERSION = YES;
				CLANG_WARN_OBJC_IMPLICIT_RETAIN_SELF = YES;
				CLANG_WARN_OBJC_LITERAL_CONVERSION = YES;
				CLANG_WARN_OBJC_ROOT_CLASS = YES_ERROR;
				CLANG_WARN_QUOTED_INCLUDE_IN_FRAMEWORK_HEADER = YES;
				CLANG_WARN_RANGE_LOOP_ANALYSIS = YES;
				CLANG_WARN_STRICT_PROTOTYPES = YES;
				CLANG_WARN_SUSPICIOUS_MOVE = YES;
				CLANG_WARN_UNGUARDED_AVAILABILITY = YES_AGGRESSIVE;
				CLANG_WARN_UNREACHABLE_CODE = YES;
				CLANG_WARN__DUPLICATE_METHOD_MATCH = YES;
				COPY_PHASE_STRIP = NO;
				DEBUG_INFORMATION_FORMAT = "dwarf-with-dsym";
				DEVELOPMENT_TEAM = 4533R9524J;
				ENABLE_NS_ASSERTIONS = NO;
				ENABLE_STRICT_OBJC_MSGSEND = YES;
				ENABLE_USER_SCRIPT_SANDBOXING = YES;
				GCC_C_LANGUAGE_STANDARD = gnu11;
				GCC_NO_COMMON_BLOCKS = YES;
				GCC_WARN_64_TO_32_BIT_CONVERSION = YES;
				GCC_WARN_ABOUT_RETURN_TYPE = YES_ERROR;
				GCC_WARN_UNDECLARED_SELECTOR = YES;
				GCC_WARN_UNINITIALIZED_AUTOS = YES_AGGRESSIVE;
				GCC_WARN_UNUSED_FUNCTION = YES;
				GCC_WARN_UNUSED_VARIABLE = YES;
				IPHONEOS_DEPLOYMENT_TARGET = 18.0;
				MTL_ENABLE_DEBUG_INFO = NO;
				MTL_FAST_MATH = YES;
				PRODUCT_NAME = "$(TARGET_NAME)";
				SDKROOT = iphoneos;
				STRING_CATALOG_GENERATE_SYMBOLS = YES;
				SWIFT_COMPILATION_MODE = wholemodule;
				SWIFT_OPTIMIZATION_LEVEL = "-O";
				SWIFT_VERSION = 5.0;
			};
			name = Release;
		};
		ED492FCEBB3CEC728A151954 /* Release */ = {
			isa = XCBuildConfiguration;
			buildSettings = {
				ASSETCATALOG_COMPILER_APPICON_NAME = AppIcon;
				ASSETCATALOG_COMPILER_GENERATE_SWIFT_ASSET_SYMBOL_EXTENSIONS = YES;
				CODE_SIGN_IDENTITY = "Apple Development";
				CODE_SIGN_STYLE = Automatic;
				GENERATE_INFOPLIST_FILE = NO;
				INFOPLIST_FILE = App/Info.plist;
				LD_RUNPATH_SEARCH_PATHS = (
					"$(inherited)",
					"@executable_path/Frameworks",
				);
				PRODUCT_BUNDLE_IDENTIFIER = com.aylon.airhcheck.test;
				PRODUCT_NAME = Aircheck06;
				PROVISIONING_PROFILE_SPECIFIER = "";
				SDKROOT = iphoneos;
				SWIFT_DEFAULT_ACTOR_ISOLATION = MainActor;
				SWIFT_STRICT_CONCURRENCY = complete;
				SWIFT_VERSION = 6.0;
				TARGETED_DEVICE_FAMILY = 1;
			};
			name = Release;
		};
		F106EC6D71C8CDA8EC911623 /* Debug */ = {
			isa = XCBuildConfiguration;
			buildSettings = {
				ASSETCATALOG_COMPILER_APPICON_NAME = AppIcon;
				ASSETCATALOG_COMPILER_GENERATE_SWIFT_ASSET_SYMBOL_EXTENSIONS = YES;
				CODE_SIGN_IDENTITY = "Apple Development";
				CODE_SIGN_STYLE = Automatic;
				GENERATE_INFOPLIST_FILE = NO;
				INFOPLIST_FILE = App/Info.plist;
				LD_RUNPATH_SEARCH_PATHS = (
					"$(inherited)",
					"@executable_path/Frameworks",
				);
				PRODUCT_BUNDLE_IDENTIFIER = com.aylon.airhcheck.test;
				PRODUCT_NAME = Aircheck06;
				PROVISIONING_PROFILE_SPECIFIER = "";
				SDKROOT = iphoneos;
				SWIFT_DEFAULT_ACTOR_ISOLATION = MainActor;
				SWIFT_STRICT_CONCURRENCY = complete;
				SWIFT_VERSION = 6.0;
				TARGETED_DEVICE_FAMILY = 1;
			};
			name = Debug;
		};
/* End XCBuildConfiguration section */

/* Begin XCConfigurationList section */
		42663A9E31171DE441BC4FF5 /* Build configuration list for PBXProject "Aircheck06" */ = {
			isa = XCConfigurationList;
			buildConfigurations = (
				7C2D8ACAC491406C0AE03E01 /* Debug */,
				8089F3A2088A6BC3758B2F47 /* Release */,
			);
			defaultConfigurationIsVisible = 0;
			defaultConfigurationName = Debug;
		};
		E3F77759F13D878E34F57611 /* Build configuration list for PBXNativeTarget "Aircheck06" */ = {
			isa = XCConfigurationList;
			buildConfigurations = (
				F106EC6D71C8CDA8EC911623 /* Debug */,
				ED492FCEBB3CEC728A151954 /* Release */,
			);
			defaultConfigurationIsVisible = 0;
			defaultConfigurationName = Debug;
		};
/* End XCConfigurationList section */

/* Begin XCLocalSwiftPackageReference section */
		E2D7945E71CFC94B6BAE92ED /* XCLocalSwiftPackageReference "." */ = {
			isa = XCLocalSwiftPackageReference;
			relativePath = .;
		};
/* End XCLocalSwiftPackageReference section */

/* Begin XCSwiftPackageProductDependency section */
		BDD95EA072FB7B438C7AA40C /* AircheckCore */ = {
			isa = XCSwiftPackageProductDependency;
			productName = AircheckCore;
		};
/* End XCSwiftPackageProductDependency section */
	};
	rootObject = C3370F225E0A434AC82DBCD2 /* Project object */;
}
